
Microsoft Visual Studio Solution File, Format Version 12.00
# Visual Studio Version 17
VisualStudioVersion = 17.3.32819.101
MinimumVisualStudioVersion = 10.0.40219.1
Project("{FAE04EC0-301F-11D3-BF4B-00C04F79EFBC}") = "Assignment3-Lottery", "Assignment3-Lottery.csproj", "{6C655EB3-332E-416B-A5F7-DE65F5CCF49F}"
EndProject
Global
	GlobalSection(SolutionConfigurationPlatforms) = preSolution
		Debug|Any CPU = Debug|Any CPU
		Release|Any CPU = Release|Any CPU
	EndGlobalSection
	GlobalSection(ProjectConfigurationPlatforms) = postSolution
		{6C655EB3-332E-416B-A5F7-DE65F5CCF49F}.Debug|Any CPU.ActiveCfg = Debug|Any CPU
		{6C655EB3-332E-416B-A5F7-DE65F5CCF49F}.Debug|Any CPU.Build.0 = Debug|Any CPU
		{6C655EB3-332E-416B-A5F7-DE65F5CCF49F}.Release|Any CPU.ActiveCfg = Release|Any CPU
		{6C655EB3-332E-416B-A5F7-DE65F5CCF49F}.Release|Any CPU.Build.0 = Release|Any CPU
	EndGlobalSection
	GlobalSection(SolutionProperties) = preSolution
		HideSolutionNode = FALSE
	EndGlobalSection
	GlobalSection(ExtensibilityGlobals) = postSolution
		SolutionGuid = {AE9E03BE-5321-4F8F-BA57-1B622B9E19B8}
	EndGlobalSection
EndGlobal
